
Microsoft Visual Studio Solution File, Format Version 12.00
# Visual Studio Version 18
VisualStudioVersion = 18.0.11217.181
MinimumVisualStudioVersion = 10.0.40219.1
Project("{2150E333-8FDC-42A3-9474-1A3956D46DE8}") = "Src", "Src", "{E079124A-DA31-458E-BE93-DB0758F2B23B}"
EndProject
Project("{FAE04EC0-301F-11D3-BF4B-00C04F79EFBC}") = "Domain", "Src\Domain\Domain.csproj", "{87EDA1D2-4B5B-E524-38CE-D0BFCA5F4D6B}"
EndProject
Project("{FAE04EC0-301F-11D3-BF4B-00C04F79EFBC}") = "Shared", "Src\Shared\Shared.csproj", "{46B7BC73-6DC3-476F-816A-92BF9C694D42}"
EndProject
Project("{FAE04EC0-301F-11D3-BF4B-00C04F79EFBC}") = "Application", "Src\Application\Application.csproj", "{5BDAB160-5258-45DA-1CDF-4BFCF367E785}"
EndProject
Project("{FAE04EC0-301F-11D3-BF4B-00C04F79EFBC}") = "Infrastructure", "Src\Infrastructure\Infrastructure.csproj", "{3D745DFE-AF9A-E111-755D-FD3FFF280728}"
EndProject
Project("{FAE04EC0-301F-11D3-BF4B-00C04F79EFBC}") = "Api", "Src\Api\Api.csproj", "{BE0FA0D3-746B-4D7F-9070-E0B8DCE9AC0A}"
EndProject
Project("{FAE04EC0-301F-11D3-BF4B-00C04F79EFBC}") = "Gateway", "Src\Gateway\Gateway.csproj", "{318D2742-157B-1B92-9F01-01C7F80B2F48}"
EndProject
Project("{FAE04EC0-301F-11D3-BF4B-00C04F79EFBC}") = "Client", "Src\Client\Client\Client.csproj", "{8A894689-855F-4D1B-84ED-E2CBA363710A}"
EndProject
Project("{FAE04EC0-301F-11D3-BF4B-00C04F79EFBC}") = "Client.Client", "Src\Client\Client.Client\Client.Client.csproj", "{AD19BA79-8354-49AF-B097-34820BC5E5B6}"
EndProject
Global
	GlobalSection(SolutionConfigurationPlatforms) = preSolution
		Debug|Any CPU = Debug|Any CPU
		Release|Any CPU = Release|Any CPU
	EndGlobalSection
	GlobalSection(ProjectConfigurationPlatforms) = postSolution
		{87EDA1D2-4B5B-E524-38CE-D0BFCA5F4D6B}.Debug|Any CPU.ActiveCfg = Debug|Any CPU
		{87EDA1D2-4B5B-E524-38CE-D0BFCA5F4D6B}.Debug|Any CPU.Build.0 = Debug|Any CPU
		{87EDA1D2-4B5B-E524-38CE-D0BFCA5F4D6B}.Release|Any CPU.ActiveCfg = Release|Any CPU
		{87EDA1D2-4B5B-E524-38CE-D0BFCA5F4D6B}.Release|Any CPU.Build.0 = Release|Any CPU
		{46B7BC73-6DC3-476F-816A-92BF9C694D42}.Debug|Any CPU.ActiveCfg = Debug|Any CPU
		{46B7BC73-6DC3-476F-816A-92BF9C694D42}.Debug|Any CPU.Build.0 = Debug|Any CPU
		{46B7BC73-6DC3-476F-816A-92BF9C694D42}.Release|Any CPU.ActiveCfg = Release|Any CPU
		{46B7BC73-6DC3-476F-816A-92BF9C694D42}.Release|Any CPU.Build.0 = Release|Any CPU
		{5BDAB160-5258-45DA-1CDF-4BFCF367E785}.Debug|Any CPU.ActiveCfg = Debug|Any CPU
		{5BDAB160-5258-45DA-1CDF-4BFCF367E785}.Debug|Any CPU.Build.0 = Debug|Any CPU
		{5BDAB160-5258-45DA-1CDF-4BFCF367E785}.Release|Any CPU.ActiveCfg = Release|Any CPU
		{5BDAB160-5258-45DA-1CDF-4BFCF367E785}.Release|Any CPU.Build.0 = Release|Any CPU
		{3D745DFE-AF9A-E111-755D-FD3FFF280728}.Debug|Any CPU.ActiveCfg = Debug|Any CPU
		{3D745DFE-AF9A-E111-755D-FD3FFF280728}.Debug|Any CPU.Build.0 = Debug|Any CPU
		{3D745DFE-AF9A-E111-755D-FD3FFF280728}.Release|Any CPU.ActiveCfg = Release|Any CPU
		{3D745DFE-AF9A-E111-755D-FD3FFF280728}.Release|Any CPU.Build.0 = Release|Any CPU
		{BE0FA0D3-746B-4D7F-9070-E0B8DCE9AC0A}.Debug|Any CPU.ActiveCfg = Debug|Any CPU
		{BE0FA0D3-746B-4D7F-9070-E0B8DCE9AC0A}.Debug|Any CPU.Build.0 = Debug|Any CPU
		{BE0FA0D3-746B-4D7F-9070-E0B8DCE9AC0A}.Release|Any CPU.ActiveCfg = Release|Any CPU
		{BE0FA0D3-746B-4D7F-9070-E0B8DCE9AC0A}.Release|Any CPU.Build.0 = Release|Any CPU
		{318D2742-157B-1B92-9F01-01C7F80B2F48}.Debug|Any CPU.ActiveCfg = Debug|Any CPU
		{318D2742-157B-1B92-9F01-01C7F80B2F48}.Debug|Any CPU.Build.0 = Debug|Any CPU
		{318D2742-157B-1B92-9F01-01C7F80B2F48}.Release|Any CPU.ActiveCfg = Release|Any CPU
		{318D2742-157B-1B92-9F01-01C7F80B2F48}.Release|Any CPU.Build.0 = Release|Any CPU
		{8A894689-855F-4D1B-84ED-E2CBA363710A}.Debug|Any CPU.ActiveCfg = Debug|Any CPU
		{8A894689-855F-4D1B-84ED-E2CBA363710A}.Debug|Any CPU.Build.0 = Debug|Any CPU
		{8A894689-855F-4D1B-84ED-E2CBA363710A}.Release|Any CPU.ActiveCfg = Release|Any CPU
		{8A894689-855F-4D1B-84ED-E2CBA363710A}.Release|Any CPU.Build.0 = Release|Any CPU
		{AD19BA79-8354-49AF-B097-34820BC5E5B6}.Debug|Any CPU.ActiveCfg = Debug|Any CPU
		{AD19BA79-8354-49AF-B097-34820BC5E5B6}.Debug|Any CPU.Build.0 = Debug|Any CPU
		{AD19BA79-8354-49AF-B097-34820BC5E5B6}.Release|Any CPU.ActiveCfg = Release|Any CPU
		{AD19BA79-8354-49AF-B097-34820BC5E5B6}.Release|Any CPU.Build.0 = Release|Any CPU
	EndGlobalSection
	GlobalSection(SolutionProperties) = preSolution
		HideSolutionNode = FALSE
	EndGlobalSection
	GlobalSection(NestedProjects) = preSolution
		{87EDA1D2-4B5B-E524-38CE-D0BFCA5F4D6B} = {E079124A-DA31-458E-BE93-DB0758F2B23B}
		{46B7BC73-6DC3-476F-816A-92BF9C694D42} = {E079124A-DA31-458E-BE93-DB0758F2B23B}
		{5BDAB160-5258-45DA-1CDF-4BFCF367E785} = {E079124A-DA31-458E-BE93-DB0758F2B23B}
		{3D745DFE-AF9A-E111-755D-FD3FFF280728} = {E079124A-DA31-458E-BE93-DB0758F2B23B}
		{BE0FA0D3-746B-4D7F-9070-E0B8DCE9AC0A} = {E079124A-DA31-458E-BE93-DB0758F2B23B}
		{318D2742-157B-1B92-9F01-01C7F80B2F48} = {E079124A-DA31-458E-BE93-DB0758F2B23B}
		{8A894689-855F-4D1B-84ED-E2CBA363710A} = {E079124A-DA31-458E-BE93-DB0758F2B23B}
		{AD19BA79-8354-49AF-B097-34820BC5E5B6} = {E079124A-DA31-458E-BE93-DB0758F2B23B}
	EndGlobalSection
	GlobalSection(ExtensibilityGlobals) = postSolution
		SolutionGuid = {08305504-7B2B-4308-A903-2DF88E152148}
	EndGlobalSection
EndGlobal
