
Microsoft Visual Studio Solution File, Format Version 12.00
# Visual Studio Version 17
VisualStudioVersion = 17.14.36623.8
MinimumVisualStudioVersion = 10.0.40219.1
Project("{2150E333-8FDC-42A3-9474-1A3956D46DE8}") = "Core Layer", "Core Layer", "{02EA681E-C7D8-13C7-8484-4AC65E1B71E8}"
EndProject
Project("{2150E333-8FDC-42A3-9474-1A3956D46DE8}") = "Shared Layer", "Shared Layer", "{5B928501-00B4-44E0-BC27-187FF1568A6B}"
EndProject
Project("{2150E333-8FDC-42A3-9474-1A3956D46DE8}") = "Infrastructure Layer", "Infrastructure Layer", "{9375D64F-31A1-48AA-939A-153E17BA313D}"
EndProject
Project("{FAE04EC0-301F-11D3-BF4B-00C04F79EFBC}") = "Domain", "Core Layer\Icp.Domain\Domain.csproj", "{C0487A46-3845-4315-BE34-5ADB5D7F1DA4}"
EndProject
Project("{FAE04EC0-301F-11D3-BF4B-00C04F79EFBC}") = "Constants", "Shared Layer\Constants\Constants.csproj", "{17AE9463-B54F-4772-A4F2-5C703DD21C4A}"
EndProject
Project("{FAE04EC0-301F-11D3-BF4B-00C04F79EFBC}") = "Exceptions", "Shared Layer\BaseException\Exceptions.csproj", "{2DB7BB14-5161-47B1-B1CA-624F1D171AA0}"
EndProject
Project("{FAE04EC0-301F-11D3-BF4B-00C04F79EFBC}") = "Helpers", "Shared Layer\Helpers\Helpers.csproj", "{F8143EE1-4BB6-4DB5-9DD4-787F705A6D75}"
EndProject
Project("{FAE04EC0-301F-11D3-BF4B-00C04F79EFBC}") = "Data", "Infrastructure Laye\Data\Data.csproj", "{514374EE-4B68-4C8A-9141-7B4B0DB3D45A}"
EndProject
Project("{FAE04EC0-301F-11D3-BF4B-00C04F79EFBC}") = "Files", "Infrastructure Laye\Files\Files.csproj", "{16183998-E156-4624-B6CE-15785021D45B}"
EndProject
Project("{FAE04EC0-301F-11D3-BF4B-00C04F79EFBC}") = "Repositories", "Infrastructure Laye\Repositories\Repositories.csproj", "{30C9E237-6441-487C-B1E4-EA2A995EB4F7}"
EndProject
Project("{FAE04EC0-301F-11D3-BF4B-00C04F79EFBC}") = "Reports", "Infrastructure Laye\Reports\Reports.csproj", "{214F862A-8FA2-4AA4-9289-BD369EE72A97}"
EndProject
Project("{FAE04EC0-301F-11D3-BF4B-00C04F79EFBC}") = "DTOs", "Shared Layer\DTOs\DTOs.csproj", "{2EA6C953-E7F8-1555-C8F5-B991559BF8F6}"
EndProject
Global
	GlobalSection(SolutionConfigurationPlatforms) = preSolution
		Debug|Any CPU = Debug|Any CPU
		Release|Any CPU = Release|Any CPU
	EndGlobalSection
	GlobalSection(ProjectConfigurationPlatforms) = postSolution
		{C0487A46-3845-4315-BE34-5ADB5D7F1DA4}.Debug|Any CPU.ActiveCfg = Debug|Any CPU
		{C0487A46-3845-4315-BE34-5ADB5D7F1DA4}.Debug|Any CPU.Build.0 = Debug|Any CPU
		{C0487A46-3845-4315-BE34-5ADB5D7F1DA4}.Release|Any CPU.ActiveCfg = Release|Any CPU
		{C0487A46-3845-4315-BE34-5ADB5D7F1DA4}.Release|Any CPU.Build.0 = Release|Any CPU
		{17AE9463-B54F-4772-A4F2-5C703DD21C4A}.Debug|Any CPU.ActiveCfg = Debug|Any CPU
		{17AE9463-B54F-4772-A4F2-5C703DD21C4A}.Debug|Any CPU.Build.0 = Debug|Any CPU
		{17AE9463-B54F-4772-A4F2-5C703DD21C4A}.Release|Any CPU.ActiveCfg = Release|Any CPU
		{17AE9463-B54F-4772-A4F2-5C703DD21C4A}.Release|Any CPU.Build.0 = Release|Any CPU
		{2DB7BB14-5161-47B1-B1CA-624F1D171AA0}.Debug|Any CPU.ActiveCfg = Debug|Any CPU
		{2DB7BB14-5161-47B1-B1CA-624F1D171AA0}.Debug|Any CPU.Build.0 = Debug|Any CPU
		{2DB7BB14-5161-47B1-B1CA-624F1D171AA0}.Release|Any CPU.ActiveCfg = Release|Any CPU
		{2DB7BB14-5161-47B1-B1CA-624F1D171AA0}.Release|Any CPU.Build.0 = Release|Any CPU
		{F8143EE1-4BB6-4DB5-9DD4-787F705A6D75}.Debug|Any CPU.ActiveCfg = Debug|Any CPU
		{F8143EE1-4BB6-4DB5-9DD4-787F705A6D75}.Debug|Any CPU.Build.0 = Debug|Any CPU
		{F8143EE1-4BB6-4DB5-9DD4-787F705A6D75}.Release|Any CPU.ActiveCfg = Release|Any CPU
		{F8143EE1-4BB6-4DB5-9DD4-787F705A6D75}.Release|Any CPU.Build.0 = Release|Any CPU
		{514374EE-4B68-4C8A-9141-7B4B0DB3D45A}.Debug|Any CPU.ActiveCfg = Debug|Any CPU
		{514374EE-4B68-4C8A-9141-7B4B0DB3D45A}.Debug|Any CPU.Build.0 = Debug|Any CPU
		{514374EE-4B68-4C8A-9141-7B4B0DB3D45A}.Release|Any CPU.ActiveCfg = Release|Any CPU
		{514374EE-4B68-4C8A-9141-7B4B0DB3D45A}.Release|Any CPU.Build.0 = Release|Any CPU
		{16183998-E156-4624-B6CE-15785021D45B}.Debug|Any CPU.ActiveCfg = Debug|Any CPU
		{16183998-E156-4624-B6CE-15785021D45B}.Debug|Any CPU.Build.0 = Debug|Any CPU
		{16183998-E156-4624-B6CE-15785021D45B}.Release|Any CPU.ActiveCfg = Release|Any CPU
		{16183998-E156-4624-B6CE-15785021D45B}.Release|Any CPU.Build.0 = Release|Any CPU
		{30C9E237-6441-487C-B1E4-EA2A995EB4F7}.Debug|Any CPU.ActiveCfg = Debug|Any CPU
		{30C9E237-6441-487C-B1E4-EA2A995EB4F7}.Debug|Any CPU.Build.0 = Debug|Any CPU
		{30C9E237-6441-487C-B1E4-EA2A995EB4F7}.Release|Any CPU.ActiveCfg = Release|Any CPU
		{30C9E237-6441-487C-B1E4-EA2A995EB4F7}.Release|Any CPU.Build.0 = Release|Any CPU
		{214F862A-8FA2-4AA4-9289-BD369EE72A97}.Debug|Any CPU.ActiveCfg = Debug|Any CPU
		{214F862A-8FA2-4AA4-9289-BD369EE72A97}.Debug|Any CPU.Build.0 = Debug|Any CPU
		{214F862A-8FA2-4AA4-9289-BD369EE72A97}.Release|Any CPU.ActiveCfg = Release|Any CPU
		{214F862A-8FA2-4AA4-9289-BD369EE72A97}.Release|Any CPU.Build.0 = Release|Any CPU
		{2EA6C953-E7F8-1555-C8F5-B991559BF8F6}.Debug|Any CPU.ActiveCfg = Debug|Any CPU
		{2EA6C953-E7F8-1555-C8F5-B991559BF8F6}.Debug|Any CPU.Build.0 = Debug|Any CPU
		{2EA6C953-E7F8-1555-C8F5-B991559BF8F6}.Release|Any CPU.ActiveCfg = Release|Any CPU
		{2EA6C953-E7F8-1555-C8F5-B991559BF8F6}.Release|Any CPU.Build.0 = Release|Any CPU
	EndGlobalSection
	GlobalSection(SolutionProperties) = preSolution
		HideSolutionNode = FALSE
	EndGlobalSection
	GlobalSection(NestedProjects) = preSolution
		{C0487A46-3845-4315-BE34-5ADB5D7F1DA4} = {02EA681E-C7D8-13C7-8484-4AC65E1B71E8}
		{17AE9463-B54F-4772-A4F2-5C703DD21C4A} = {5B928501-00B4-44E0-BC27-187FF1568A6B}
		{2DB7BB14-5161-47B1-B1CA-624F1D171AA0} = {5B928501-00B4-44E0-BC27-187FF1568A6B}
		{F8143EE1-4BB6-4DB5-9DD4-787F705A6D75} = {5B928501-00B4-44E0-BC27-187FF1568A6B}
		{514374EE-4B68-4C8A-9141-7B4B0DB3D45A} = {9375D64F-31A1-48AA-939A-153E17BA313D}
		{16183998-E156-4624-B6CE-15785021D45B} = {9375D64F-31A1-48AA-939A-153E17BA313D}
		{30C9E237-6441-487C-B1E4-EA2A995EB4F7} = {9375D64F-31A1-48AA-939A-153E17BA313D}
		{214F862A-8FA2-4AA4-9289-BD369EE72A97} = {9375D64F-31A1-48AA-939A-153E17BA313D}
		{2EA6C953-E7F8-1555-C8F5-B991559BF8F6} = {5B928501-00B4-44E0-BC27-187FF1568A6B}
	EndGlobalSection
	GlobalSection(ExtensibilityGlobals) = postSolution
		SolutionGuid = {08305504-7B2B-4308-A903-2DF88E152148}
	EndGlobalSection
EndGlobal
